
Microsoft Visual Studio Solution File, Format Version 12.00
# Visual Studio Version 17
VisualStudioVersion = 17.6.33815.320
MinimumVisualStudioVersion = 10.0.40219.1
Project("{FAE04EC0-301F-11D3-BF4B-00C04F79EFBC}") = "SchoolProject", "SchoolProject\SchoolProject.csproj", "{95517774-4EC6-44C8-9448-276717CE83DD}"
EndProject
Global
	GlobalSection(SolutionConfigurationPlatforms) = preSolution
		Debug|Any CPU = Debug|Any CPU
		Release|Any CPU = Release|Any CPU
	EndGlobalSection
	GlobalSection(ProjectConfigurationPlatforms) = postSolution
		{95517774-4EC6-44C8-9448-276717CE83DD}.Debug|Any CPU.ActiveCfg = Debug|Any CPU
		{95517774-4EC6-44C8-9448-276717CE83DD}.Debug|Any CPU.Build.0 = Debug|Any CPU
		{95517774-4EC6-44C8-9448-276717CE83DD}.Release|Any CPU.ActiveCfg = Release|Any CPU
		{95517774-4EC6-44C8-9448-276717CE83DD}.Release|Any CPU.Build.0 = Release|Any CPU
	EndGlobalSection
	GlobalSection(SolutionProperties) = preSolution
		HideSolutionNode = FALSE
	EndGlobalSection
	GlobalSection(ExtensibilityGlobals) = postSolution
		SolutionGuid = {347BE994-0749-4D92-8DB3-224610854EF7}
	EndGlobalSection
EndGlobal
